
Microsoft Visual Studio Solution File, Format Version 12.00
# Visual Studio Version 17
VisualStudioVersion = 17.1.32421.90
MinimumVisualStudioVersion = 10.0.40219.1
Project("{FAE04EC0-301F-11D3-BF4B-00C04F79EFBC}") = "collagemanagmentsystem.Web", "collagemanagmentsystem\collagemanagmentsystem.Web.csproj", "{D0BD1743-5049-46D7-9F92-C5E293D3573C}"
EndProject
Project("{FAE04EC0-301F-11D3-BF4B-00C04F79EFBC}") = "collagemanagmentsystem.Domain", "collagemanagmentsystem.domain\collagemanagmentsystem.Domain.csproj", "{717A3C48-EB20-4022-925F-291A597F3154}"
EndProject
Project("{FAE04EC0-301F-11D3-BF4B-00C04F79EFBC}") = "collagemanagmentsystem.Infrastructure", "collagemanagmentsystem.Infrastructure\collagemanagmentsystem.Infrastructure.csproj", "{603A2B41-F52B-473B-AE31-66C390DC0FAE}"
EndProject
Global
	GlobalSection(SolutionConfigurationPlatforms) = preSolution
		Debug|Any CPU = Debug|Any CPU
		Release|Any CPU = Release|Any CPU
	EndGlobalSection
	GlobalSection(ProjectConfigurationPlatforms) = postSolution
		{D0BD1743-5049-46D7-9F92-C5E293D3573C}.Debug|Any CPU.ActiveCfg = Debug|Any CPU
		{D0BD1743-5049-46D7-9F92-C5E293D3573C}.Debug|Any CPU.Build.0 = Debug|Any CPU
		{D0BD1743-5049-46D7-9F92-C5E293D3573C}.Release|Any CPU.ActiveCfg = Release|Any CPU
		{D0BD1743-5049-46D7-9F92-C5E293D3573C}.Release|Any CPU.Build.0 = Release|Any CPU
		{717A3C48-EB20-4022-925F-291A597F3154}.Debug|Any CPU.ActiveCfg = Debug|Any CPU
		{717A3C48-EB20-4022-925F-291A597F3154}.Debug|Any CPU.Build.0 = Debug|Any CPU
		{717A3C48-EB20-4022-925F-291A597F3154}.Release|Any CPU.ActiveCfg = Release|Any CPU
		{717A3C48-EB20-4022-925F-291A597F3154}.Release|Any CPU.Build.0 = Release|Any CPU
		{603A2B41-F52B-473B-AE31-66C390DC0FAE}.Debug|Any CPU.ActiveCfg = Debug|Any CPU
		{603A2B41-F52B-473B-AE31-66C390DC0FAE}.Debug|Any CPU.Build.0 = Debug|Any CPU
		{603A2B41-F52B-473B-AE31-66C390DC0FAE}.Release|Any CPU.ActiveCfg = Release|Any CPU
		{603A2B41-F52B-473B-AE31-66C390DC0FAE}.Release|Any CPU.Build.0 = Release|Any CPU
	EndGlobalSection
	GlobalSection(SolutionProperties) = preSolution
		HideSolutionNode = FALSE
	EndGlobalSection
	GlobalSection(ExtensibilityGlobals) = postSolution
		SolutionGuid = {D5AD001E-EE2E-475D-8452-2252B7A185DA}
	EndGlobalSection
EndGlobal
